
Microsoft Visual Studio Solution File, Format Version 12.00
# Visual Studio Version 17
VisualStudioVersion = 17.14.36414.22 d17.14
MinimumVisualStudioVersion = 10.0.40219.1
Project("{FAE04EC0-301F-11D3-BF4B-00C04F79EFBC}") = "P2-SistemaDeGestion", "P2-SistemaDeGestion\P2-SistemaDeGestion.csproj", "{A1F76F10-A6BD-4774-95F9-F9B64BA48B66}"
EndProject
Global
	GlobalSection(SolutionConfigurationPlatforms) = preSolution
		Debug|Any CPU = Debug|Any CPU
		Release|Any CPU = Release|Any CPU
	EndGlobalSection
	GlobalSection(ProjectConfigurationPlatforms) = postSolution
		{A1F76F10-A6BD-4774-95F9-F9B64BA48B66}.Debug|Any CPU.ActiveCfg = Debug|Any CPU
		{A1F76F10-A6BD-4774-95F9-F9B64BA48B66}.Debug|Any CPU.Build.0 = Debug|Any CPU
		{A1F76F10-A6BD-4774-95F9-F9B64BA48B66}.Release|Any CPU.ActiveCfg = Release|Any CPU
		{A1F76F10-A6BD-4774-95F9-F9B64BA48B66}.Release|Any CPU.Build.0 = Release|Any CPU
	EndGlobalSection
	GlobalSection(SolutionProperties) = preSolution
		HideSolutionNode = FALSE
	EndGlobalSection
	GlobalSection(ExtensibilityGlobals) = postSolution
		SolutionGuid = {98509091-FC01-46AE-8A36-15D7EC618C94}
	EndGlobalSection
EndGlobal
